
Microsoft Visual Studio Solution File, Format Version 12.00
# Visual Studio Version 17
VisualStudioVersion = 17.4.33205.214
MinimumVisualStudioVersion = 10.0.40219.1
Project("{FAE04EC0-301F-11D3-BF4B-00C04F79EFBC}") = "SAA_Task_2-4", "SAA_Task_2-4\SAA_Task_2-4.csproj", "{9E0386CC-B8E3-41B0-9A1D-AD30A9800DFB}"
EndProject
Global
	GlobalSection(SolutionConfigurationPlatforms) = preSolution
		Debug|Any CPU = Debug|Any CPU
		Release|Any CPU = Release|Any CPU
	EndGlobalSection
	GlobalSection(ProjectConfigurationPlatforms) = postSolution
		{9E0386CC-B8E3-41B0-9A1D-AD30A9800DFB}.Debug|Any CPU.ActiveCfg = Debug|Any CPU
		{9E0386CC-B8E3-41B0-9A1D-AD30A9800DFB}.Debug|Any CPU.Build.0 = Debug|Any CPU
		{9E0386CC-B8E3-41B0-9A1D-AD30A9800DFB}.Release|Any CPU.ActiveCfg = Release|Any CPU
		{9E0386CC-B8E3-41B0-9A1D-AD30A9800DFB}.Release|Any CPU.Build.0 = Release|Any CPU
	EndGlobalSection
	GlobalSection(SolutionProperties) = preSolution
		HideSolutionNode = FALSE
	EndGlobalSection
	GlobalSection(ExtensibilityGlobals) = postSolution
		SolutionGuid = {84D99BA5-A507-4685-817C-709C76AFD61C}
	EndGlobalSection
EndGlobal
